// !$*UTF8*$!
{
	archiveVersion = 1;
	classes = {
	};
	objectVersion = 56;
	objects = {

/* Begin PBXBuildFile section */
		51F3B75F2B3C06000078A323 /* ContactListSwUIApp.swift in Sources */ = {isa = PBXBuildFile; fileRef = 51F3B75E2B3C06000078A323 /* ContactListSwUIApp.swift */; };
		51F3B7612B3C06000078A323 /* ContentView.swift in Sources */ = {isa = PBXBuildFile; fileRef = 51F3B7602B3C06000078A323 /* ContentView.swift */; };
		51F3B7632B3C06010078A323 /* Assets.xcassets in Resources */ = {isa = PBXBuildFile; fileRef = 51F3B7622B3C06010078A323 /* Assets.xcassets */; };
		51F3B7662B3C06010078A323 /* Preview Assets.xcassets in Resources */ = {isa = PBXBuildFile; fileRef = 51F3B7652B3C06010078A323 /* Preview Assets.xcassets */; };
		51F3B76D2B3C061D0078A323 /* PersonsListView.swift in Sources */ = {isa = PBXBuildFile; fileRef = 51F3B76C2B3C061D0078A323 /* PersonsListView.swift */; };
		51F3B76F2B3C06260078A323 /* ContactsView.swift in Sources */ = {isa = PBXBuildFile; fileRef = 51F3B76E2B3C06260078A323 /* ContactsView.swift */; };
		51F3B7762B3C0CFF0078A323 /* DetailsView.swift in Sources */ = {isa = PBXBuildFile; fileRef = 51F3B7752B3C0CFF0078A323 /* DetailsView.swift */; };
/* End PBXBuildFile section */

/* Begin PBXFileReference section */
		51F3B75B2B3C06000078A323 /* ContactListSwUI.app */ = {isa = PBXFileReference; explicitFileType = wrapper.application; includeInIndex = 0; path = ContactListSwUI.app; sourceTree = BUILT_PRODUCTS_DIR; };
		51F3B75E2B3C06000078A323 /* ContactListSwUIApp.swift */ = {isa = PBXFileReference; lastKnownFileType = sourcecode.swift; path = ContactListSwUIApp.swift; sourceTree = "<group>"; };
		51F3B7602B3C06000078A323 /* ContentView.swift */ = {isa = PBXFileReference; lastKnownFileType = sourcecode.swift; path = ContentView.swift; sourceTree = "<group>"; };
		51F3B7622B3C06010078A323 /* Assets.xcassets */ = {isa = PBXFileReference; lastKnownFileType = folder.assetcatalog; path = Assets.xcassets; sourceTree = "<group>"; };
		51F3B7652B3C06010078A323 /* Preview Assets.xcassets */ = {isa = PBXFileReference; lastKnownFileType = folder.assetcatalog; path = "Preview Assets.xcassets"; sourceTree = "<group>"; };
		51F3B76C2B3C061D0078A323 /* PersonsListView.swift */ = {isa = PBXFileReference; lastKnownFileType = sourcecode.swift; path = PersonsListView.swift; sourceTree = "<group>"; };
		51F3B76E2B3C06260078A323 /* ContactsView.swift */ = {isa = PBXFileReference; lastKnownFileType = sourcecode.swift; path = ContactsView.swift; sourceTree = "<group>"; };
		51F3B7752B3C0CFF0078A323 /* DetailsView.swift */ = {isa = PBXFileReference; lastKnownFileType = sourcecode.swift; path = DetailsView.swift; sourceTree = "<group>"; };
		51F3B7782B3C1D7D0078A323 /* Person.swift */ = {isa = PBXFileReference; lastKnownFileType = sourcecode.swift; path = Person.swift; sourceTree = "<group>"; };
		51F3B77A2B3C1DC20078A323 /* DataStore.swift */ = {isa = PBXFileReference; lastKnownFileType = sourcecode.swift; path = DataStore.swift; sourceTree = "<group>"; };
/* End PBXFileReference section */

/* Begin PBXFrameworksBuildPhase section */
		51F3B7582B3C06000078A323 /* Frameworks */ = {
			isa = PBXFrameworksBuildPhase;
			buildActionMask = 2147483647;
			files = (
			);
			runOnlyForDeploymentPostprocessing = 0;
		};
/* End PBXFrameworksBuildPhase section */

/* Begin PBXGroup section */
		51F3B7522B3C06000078A323 = {
			isa = PBXGroup;
			children = (
				51F3B75D2B3C06000078A323 /* ContactListSwUI */,
				51F3B75C2B3C06000078A323 /* Products */,
			);
			sourceTree = "<group>";
		};
		51F3B75C2B3C06000078A323 /* Products */ = {
			isa = PBXGroup;
			children = (
				51F3B75B2B3C06000078A323 /* ContactListSwUI.app */,
			);
			name = Products;
			sourceTree = "<group>";
		};
		51F3B75D2B3C06000078A323 /* ContactListSwUI */ = {
			isa = PBXGroup;
			children = (
				51F3B75E2B3C06000078A323 /* ContactListSwUIApp.swift */,
				51F3B7772B3C1D7D0078A323 /* Model */,
				51F3B7792B3C1DC20078A323 /* StorageManager */,
				51F3B7702B3C062C0078A323 /* Views */,
				51F3B7622B3C06010078A323 /* Assets.xcassets */,
				51F3B7642B3C06010078A323 /* Preview Content */,
			);
			path = ContactListSwUI;
			sourceTree = "<group>";
		};
		51F3B7642B3C06010078A323 /* Preview Content */ = {
			isa = PBXGroup;
			children = (
				51F3B7652B3C06010078A323 /* Preview Assets.xcassets */,
			);
			path = "Preview Content";
			sourceTree = "<group>";
		};
		51F3B7702B3C062C0078A323 /* Views */ = {
			isa = PBXGroup;
			children = (
				51F3B7602B3C06000078A323 /* ContentView.swift */,
				51F3B76C2B3C061D0078A323 /* PersonsListView.swift */,
				51F3B7752B3C0CFF0078A323 /* DetailsView.swift */,
				51F3B76E2B3C06260078A323 /* ContactsView.swift */,
			);
			path = Views;
			sourceTree = "<group>";
		};
		51F3B7772B3C1D7D0078A323 /* Model */ = {
			isa = PBXGroup;
			children = (
				51F3B7782B3C1D7D0078A323 /* Person.swift */,
			);
			path = Model;
			sourceTree = "<group>";
		};
		51F3B7792B3C1DC20078A323 /* StorageManager */ = {
			isa = PBXGroup;
			children = (
				51F3B77A2B3C1DC20078A323 /* DataStore.swift */,
			);
			path = StorageManager;
			sourceTree = "<group>";
		};
/* End PBXGroup section */

/* Begin PBXNativeTarget section */
		51F3B75A2B3C06000078A323 /* ContactListSwUI */ = {
			isa = PBXNativeTarget;
			buildConfigurationList = 51F3B7692B3C06010078A323 /* Build configuration list for PBXNativeTarget "ContactListSwUI" */;
			buildPhases = (
				51F3B7572B3C06000078A323 /* Sources */,
				51F3B7582B3C06000078A323 /* Frameworks */,
				51F3B7592B3C06000078A323 /* Resources */,
			);
			buildRules = (
			);
			dependencies = (
			);
			name = ContactListSwUI;
			productName = ContactListSwUI;
			productReference = 51F3B75B2B3C06000078A323 /* ContactListSwUI.app */;
			productType = "com.apple.product-type.application";
		};
/* End PBXNativeTarget section */

/* Begin PBXProject section */
		51F3B7532B3C06000078A323 /* Project object */ = {
			isa = PBXProject;
			attributes = {
				BuildIndependentTargetsInParallel = 1;
				LastSwiftUpdateCheck = 1510;
				LastUpgradeCheck = 1510;
				TargetAttributes = {
					51F3B75A2B3C06000078A323 = {
						CreatedOnToolsVersion = 15.1;
					};
				};
			};
			buildConfigurationList = 51F3B7562B3C06000078A323 /* Build configuration list for PBXProject "ContactListSwUI" */;
			compatibilityVersion = "Xcode 14.0";
			developmentRegion = en;
			hasScannedForEncodings = 0;
			knownRegions = (
				en,
				Base,
			);
			mainGroup = 51F3B7522B3C06000078A323;
			productRefGroup = 51F3B75C2B3C06000078A323 /* Products */;
			projectDirPath = "";
			projectRoot = "";
			targets = (
				51F3B75A2B3C06000078A323 /* ContactListSwUI */,
			);
		};
/* End PBXProject section */

/* Begin PBXResourcesBuildPhase section */
		51F3B7592B3C06000078A323 /* Resources */ = {
			isa = PBXResourcesBuildPhase;
			buildActionMask = 2147483647;
			files = (
				51F3B7662B3C06010078A323 /* Preview Assets.xcassets in Resources */,
				51F3B7632B3C06010078A323 /* Assets.xcassets in Resources */,
			);
			runOnlyForDeploymentPostprocessing = 0;
		};
/* End PBXResourcesBuildPhase section */

/* Begin PBXSourcesBuildPhase section */
		51F3B7572B3C06000078A323 /* Sources */ = {
			isa = PBXSourcesBuildPhase;
			buildActionMask = 2147483647;
			files = (
				51F3B7762B3C0CFF0078A323 /* DetailsView.swift in Sources */,
				51F3B7612B3C06000078A323 /* ContentView.swift in Sources */,
				51F3B75F2B3C06000078A323 /* ContactListSwUIApp.swift in Sources */,
				51F3B76D2B3C061D0078A323 /* PersonsListView.swift in Sources */,
				51F3B76F2B3C06260078A323 /* ContactsView.swift in Sources */,
			);
			runOnlyForDeploymentPostprocessing = 0;
		};
/* End PBXSourcesBuildPhase section */

/* Begin XCBuildConfiguration section */
		51F3B7672B3C06010078A323 /* Debug */ = {
			isa = XCBuildConfiguration;
			buildSettings = {
				ALWAYS_SEARCH_USER_PATHS = NO;
				ASSETCATALOG_COMPILER_GENERATE_SWIFT_ASSET_SYMBOL_EXTENSIONS = YES;
				CLANG_ANALYZER_NONNULL = YES;
				CLANG_ANALYZER_NUMBER_OBJECT_CONVERSION = YES_AGGRESSIVE;
				CLANG_CXX_LANGUAGE_STANDARD = "gnu++20";
				CLANG_ENABLE_MODULES = YES;
				CLANG_ENABLE_OBJC_ARC = YES;
				CLANG_ENABLE_OBJC_WEAK = YES;
				CLANG_WARN_BLOCK_CAPTURE_AUTORELEASING = YES;
				CLANG_WARN_BOOL_CONVERSION = YES;
				CLANG_WARN_COMMA = YES;
				CLANG_WARN_CONSTANT_CONVERSION = YES;
				CLANG_WARN_DEPRECATED_OBJC_IMPLEMENTATIONS = YES;
				CLANG_WARN_DIRECT_OBJC_ISA_USAGE = YES_ERROR;
				CLANG_WARN_DOCUMENTATION_COMMENTS = YES;
				CLANG_WARN_EMPTY_BODY = YES;
				CLANG_WARN_ENUM_CONVERSION = YES;
				CLANG_WARN_INFINITE_RECURSION = YES;
				CLANG_WARN_INT_CONVERSION = YES;
				CLANG_WARN_NON_LITERAL_NULL_CONVERSION = YES;
				CLANG_WARN_OBJC_IMPLICIT_RETAIN_SELF = YES;
				CLANG_WARN_OBJC_LITERAL_CONVERSION = YES;
				CLANG_WARN_OBJC_ROOT_CLASS = YES_ERROR;
				CLANG_WARN_QUOTED_INCLUDE_IN_FRAMEWORK_HEADER = YES;
				CLANG_WARN_RANGE_LOOP_ANALYSIS = YES;
				CLANG_WARN_STRICT_PROTOTYPES = YES;
				CLANG_WARN_SUSPICIOUS_MOVE = YES;
				CLANG_WARN_UNGUARDED_AVAILABILITY = YES_AGGRESSIVE;
				CLANG_WARN_UNREACHABLE_CODE = YES;
				CLANG_WARN__DUPLICATE_METHOD_MATCH = YES;
				COPY_PHASE_STRIP = NO;
				DEBUG_INFORMATION_FORMAT = dwarf;
				ENABLE_STRICT_OBJC_MSGSEND = YES;
				ENABLE_TESTABILITY = YES;
				ENABLE_USER_SCRIPT_SANDBOXING = YES;
				GCC_C_LANGUAGE_STANDARD = gnu17;
				GCC_DYNAMIC_NO_PIC = NO;
				GCC_NO_COMMON_BLOCKS = YES;
				GCC_OPTIMIZATION_LEVEL = 0;
				GCC_PREPROCESSOR_DEFINITIONS = (
					"DEBUG=1",
					"$(inherited)",
				);
				GCC_WARN_64_TO_32_BIT_CONVERSION = YES;
				GCC_WARN_ABOUT_RETURN_TYPE = YES_ERROR;
				GCC_WARN_UNDECLARED_SELECTOR = YES;
				GCC_WARN_UNINITIALIZED_AUTOS = YES_AGGRESSIVE;
				GCC_WARN_UNUSED_FUNCTION = YES;
				GCC_WARN_UNUSED_VARIABLE = YES;
				IPHONEOS_DEPLOYMENT_TARGET = 17.2;
				LOCALIZATION_PREFERS_STRING_CATALOGS = YES;
				MTL_ENABLE_DEBUG_INFO = INCLUDE_SOURCE;
				MTL_FAST_MATH = YES;
				ONLY_ACTIVE_ARCH = YES;
				SDKROOT = iphoneos;
				SWIFT_ACTIVE_COMPILATION_CONDITIONS = "DEBUG $(inherited)";
				SWIFT_OPTIMIZATION_LEVEL = "-Onone";
			};
			name = Debug;
		};
		51F3B7682B3C06010078A323 /* Release */ = {
			isa = XCBuildConfiguration;
			buildSettings = {
				ALWAYS_SEARCH_USER_PATHS = NO;
				ASSETCATALOG_COMPILER_GENERATE_SWIFT_ASSET_SYMBOL_EXTENSIONS = YES;
				CLANG_ANALYZER_NONNULL = YES;
				CLANG_ANALYZER_NUMBER_OBJECT_CONVERSION = YES_AGGRESSIVE;
				CLANG_CXX_LANGUAGE_STANDARD = "gnu++20";
				CLANG_ENABLE_MODULES = YES;
				CLANG_ENABLE_OBJC_ARC = YES;
				CLANG_ENABLE_OBJC_WEAK = YES;
				CLANG_WARN_BLOCK_CAPTURE_AUTORELEASING = YES;
				CLANG_WARN_BOOL_CONVERSION = YES;
				CLANG_WARN_COMMA = YES;
				CLANG_WARN_CONSTANT_CONVERSION = YES;
				CLANG_WARN_DEPRECATED_OBJC_IMPLEMENTATIONS = YES;
				CLANG_WARN_DIRECT_OBJC_ISA_USAGE = YES_ERROR;
				CLANG_WARN_DOCUMENTATION_COMMENTS = YES;
				CLANG_WARN_EMPTY_BODY = YES;
				CLANG_WARN_ENUM_CONVERSION = YES;
				CLANG_WARN_INFINITE_RECURSION = YES;
				CLANG_WARN_INT_CONVERSION = YES;
				CLANG_WARN_NON_LITERAL_NULL_CONVERSION = YES;
				CLANG_WARN_OBJC_IMPLICIT_RETAIN_SELF = YES;
				CLANG_WARN_OBJC_LITERAL_CONVERSION = YES;
				CLANG_WARN_OBJC_ROOT_CLASS = YES_ERROR;
				CLANG_WARN_QUOTED_INCLUDE_IN_FRAMEWORK_HEADER = YES;
				CLANG_WARN_RANGE_LOOP_ANALYSIS = YES;
				CLANG_WARN_STRICT_PROTOTYPES = YES;
				CLANG_WARN_SUSPICIOUS_MOVE = YES;
				CLANG_WARN_UNGUARDED_AVAILABILITY = YES_AGGRESSIVE;
				CLANG_WARN_UNREACHABLE_CODE = YES;
				CLANG_WARN__DUPLICATE_METHOD_MATCH = YES;
				COPY_PHASE_STRIP = NO;
				DEBUG_INFORMATION_FORMAT = "dwarf-with-dsym";
				ENABLE_NS_ASSERTIONS = NO;
				ENABLE_STRICT_OBJC_MSGSEND = YES;
				ENABLE_USER_SCRIPT_SANDBOXING = YES;
				GCC_C_LANGUAGE_STANDARD = gnu17;
				GCC_NO_COMMON_BLOCKS = YES;
				GCC_WARN_64_TO_32_BIT_CONVERSION = YES;
				GCC_WARN_ABOUT_RETURN_TYPE = YES_ERROR;
				GCC_WARN_UNDECLARED_SELECTOR = YES;
				GCC_WARN_UNINITIALIZED_AUTOS = YES_AGGRESSIVE;
				GCC_WARN_UNUSED_FUNCTION = YES;
				GCC_WARN_UNUSED_VARIABLE = YES;
				IPHONEOS_DEPLOYMENT_TARGET = 17.2;
				LOCALIZATION_PREFERS_STRING_CATALOGS = YES;
				MTL_ENABLE_DEBUG_INFO = NO;
				MTL_FAST_MATH = YES;
				SDKROOT = iphoneos;
				SWIFT_COMPILATION_MODE = wholemodule;
				VALIDATE_PRODUCT = YES;
			};
			name = Release;
		};
		51F3B76A2B3C06010078A323 /* Debug */ = {
			isa = XCBuildConfiguration;
			buildSettings = {
				ASSETCATALOG_COMPILER_APPICON_NAME = AppIcon;
				ASSETCATALOG_COMPILER_GLOBAL_ACCENT_COLOR_NAME = AccentColor;
				CODE_SIGN_STYLE = Automatic;
				CURRENT_PROJECT_VERSION = 1;
				DEVELOPMENT_ASSET_PATHS = "\"ContactListSwUI/Preview Content\"";
				DEVELOPMENT_TEAM = JB5FMNJGAE;
				ENABLE_PREVIEWS = YES;
				GENERATE_INFOPLIST_FILE = YES;
				INFOPLIST_KEY_UIApplicationSceneManifest_Generation = YES;
				INFOPLIST_KEY_UIApplicationSupportsIndirectInputEvents = YES;
				INFOPLIST_KEY_UILaunchScreen_Generation = YES;
				INFOPLIST_KEY_UISupportedInterfaceOrientations_iPad = "UIInterfaceOrientationPortrait UIInterfaceOrientationPortraitUpsideDown UIInterfaceOrientationLandscapeLeft UIInterfaceOrientationLandscapeRight";
				INFOPLIST_KEY_UISupportedInterfaceOrientations_iPhone = "UIInterfaceOrientationPortrait UIInterfaceOrientationLandscapeLeft UIInterfaceOrientationLandscapeRight";
				LD_RUNPATH_SEARCH_PATHS = (
					"$(inherited)",
					"@executable_path/Frameworks",
				);
				MARKETING_VERSION = 1.0;
				PRODUCT_BUNDLE_IDENTIFIER = NickolaiGrachev.ContactListSwUI;
				PRODUCT_NAME = "$(TARGET_NAME)";
				SWIFT_EMIT_LOC_STRINGS = YES;
				SWIFT_VERSION = 5.0;
				TARGETED_DEVICE_FAMILY = "1,2";
			};
			name = Debug;
		};
		51F3B76B2B3C06010078A323 /* Release */ = {
			isa = XCBuildConfiguration;
			buildSettings = {
				ASSETCATALOG_COMPILER_APPICON_NAME = AppIcon;
				ASSETCATALOG_COMPILER_GLOBAL_ACCENT_COLOR_NAME = AccentColor;
				CODE_SIGN_STYLE = Automatic;
				CURRENT_PROJECT_VERSION = 1;
				DEVELOPMENT_ASSET_PATHS = "\"ContactListSwUI/Preview Content\"";
				DEVELOPMENT_TEAM = JB5FMNJGAE;
				ENABLE_PREVIEWS = YES;
				GENERATE_INFOPLIST_FILE = YES;
				INFOPLIST_KEY_UIApplicationSceneManifest_Generation = YES;
				INFOPLIST_KEY_UIApplicationSupportsIndirectInputEvents = YES;
				INFOPLIST_KEY_UILaunchScreen_Generation = YES;
				INFOPLIST_KEY_UISupportedInterfaceOrientations_iPad = "UIInterfaceOrientationPortrait UIInterfaceOrientationPortraitUpsideDown UIInterfaceOrientationLandscapeLeft UIInterfaceOrientationLandscapeRight";
				INFOPLIST_KEY_UISupportedInterfaceOrientations_iPhone = "UIInterfaceOrientationPortrait UIInterfaceOrientationLandscapeLeft UIInterfaceOrientationLandscapeRight";
				LD_RUNPATH_SEARCH_PATHS = (
					"$(inherited)",
					"@executable_path/Frameworks",
				);
				MARKETING_VERSION = 1.0;
				PRODUCT_BUNDLE_IDENTIFIER = NickolaiGrachev.ContactListSwUI;
				PRODUCT_NAME = "$(TARGET_NAME)";
				SWIFT_EMIT_LOC_STRINGS = YES;
				SWIFT_VERSION = 5.0;
				TARGETED_DEVICE_FAMILY = "1,2";
			};
			name = Release;
		};
/* End XCBuildConfiguration section */

/* Begin XCConfigurationList section */
		51F3B7562B3C06000078A323 /* Build configuration list for PBXProject "ContactListSwUI" */ = {
			isa = XCConfigurationList;
			buildConfigurations = (
				51F3B7672B3C06010078A323 /* Debug */,
				51F3B7682B3C06010078A323 /* Release */,
			);
			defaultConfigurationIsVisible = 0;
			defaultConfigurationName = Release;
		};
		51F3B7692B3C06010078A323 /* Build configuration list for PBXNativeTarget "ContactListSwUI" */ = {
			isa = XCConfigurationList;
			buildConfigurations = (
				51F3B76A2B3C06010078A323 /* Debug */,
				51F3B76B2B3C06010078A323 /* Release */,
			);
			defaultConfigurationIsVisible = 0;
			defaultConfigurationName = Release;
		};
/* End XCConfigurationList section */
	};
	rootObject = 51F3B7532B3C06000078A323 /* Project object */;
}
